# THIS IS AN AUTOGENERATED FILE. DO NOT EDIT THIS FILE DIRECTLY.
# yarn lockfile v1


"@joshuajaco/prettier-config@^1.0.1":
  version "1.0.1"
  resolved "https://registry.yarnpkg.com/@joshuajaco/prettier-config/-/prettier-config-1.0.1.tgz#032c8f8875b6289ad53f0245c92a8da2bc4618ee"
  integrity sha512-8IcGys3/TiSx+6IgDPos20jsOAiqIhvisxbR6R/KRX+UMpslHj3IX2Djd2tj20ZL+IloRZixBBKPR+FNjJAC8g==

babel-runtime@6.x.x:
  version "6.26.0"
  resolved "https://registry.yarnpkg.com/babel-runtime/-/babel-runtime-6.26.0.tgz#965c7058668e82b55d7bfe04ff2337bc8b5647fe"
  integrity sha1-llxwWGaOgrVde/4E/yM3vItWR/4=
  dependencies:
    core-js "^2.4.0"
    regenerator-runtime "^0.11.0"

clj-fuzzy@^0.3.2:
  version "0.3.3"
  resolved "https://registry.yarnpkg.com/clj-fuzzy/-/clj-fuzzy-0.3.3.tgz#b1e5343091c5202dbc52532863e1c4a78457f03d"
  integrity sha1-seU0MJHFIC28UlMoY+HEp4RX8D0=

core-js@^2.4.0:
  version "2.6.11"
  resolved "https://registry.yarnpkg.com/core-js/-/core-js-2.6.11.tgz#38831469f9922bded8ee21c9dc46985e0399308c"
  integrity sha512-5wjnpaT/3dV+XB4borEsnAYQchn00XSgTAWKDkEqv+K8KevjbzmofK6hfJ9TZIlpj2N0xQpazy7PiRQiWHqzWg==

faker@^4.1.0:
  version "4.1.0"
  resolved "https://registry.yarnpkg.com/faker/-/faker-4.1.0.tgz#1e45bbbecc6774b3c195fad2835109c6d748cc3f"
  integrity sha1-HkW7vsxndLPBlfrSg1EJxtdIzD8=

is-number@^7.0.0:
  version "7.0.0"
  resolved "https://registry.yarnpkg.com/is-number/-/is-number-7.0.0.tgz#7535345b896734d5f80c4d06c50955527a14f12b"
  integrity sha512-41Cifkg6e8TylSpdtTpeLVMqvSBEVzTttHvERD741+pnZ8ANv0004MRL43QKPDlK9cGvNp6NZWZUBlbGXYxxng==

its-set@^1.1.5:
  version "1.2.3"
  resolved "https://registry.yarnpkg.com/its-set/-/its-set-1.2.3.tgz#b35c79a3cedde36793b798cc2d80f0926053f7e4"
  integrity sha512-UQc+xLLn+0a8KKRXRj3OS2kERK8G7zcayPpPULqZnPwuJ1hGWEO8+j0T5eycu7DKXYjezw3pyF8oV1fJkJxV5w==
  dependencies:
    babel-runtime "6.x.x"
    lodash.get "^4.4.2"

leven@^3.1.0:
  version "3.1.0"
  resolved "https://registry.yarnpkg.com/leven/-/leven-3.1.0.tgz#77891de834064cccba82ae7842bb6b14a13ed7f2"
  integrity sha512-qsda+H8jTaUaN/x5vzW2rzc+8Rw4TAQ/4KjB46IwK5VH+IlVeeeje/EoZRpiXvIqjFgK84QffqPztGI3VBLG1A==

lodash.get@^4.4.2:
  version "4.4.2"
  resolved "https://registry.yarnpkg.com/lodash.get/-/lodash.get-4.4.2.tgz#2d177f652fa31e939b4438d5341499dfa3825e99"
  integrity sha1-LRd/ZS+jHpObRDjVNBSZ36OCXpk=

prettier@^1.19.1:
  version "1.19.1"
  resolved "https://registry.yarnpkg.com/prettier/-/prettier-1.19.1.tgz#f7d7f5ff8a9cd872a7be4ca142095956a60797cb"
  integrity sha512-s7PoyDv/II1ObgQunCbB9PdLmUcBZcnWOcxDh7O0N/UwDEsHyqkW+Qh28jW+mVuCdx7gLB0BotYI1Y6uI9iyew==

regenerator-runtime@^0.11.0:
  version "0.11.1"
  resolved "https://registry.yarnpkg.com/regenerator-runtime/-/regenerator-runtime-0.11.1.tgz#be05ad7f9bf7d22e056f9726cee5017fbf19e2e9"
  integrity sha512-MguG95oij0fC3QV3URf4V2SDYGJhJnJGqvIIgdECeODCT98wSWDAJ94SSuVpYQUoTcGUIL6L4yNB7j1DFFHSBg==

words-to-numbers@^1.5.1:
  version "1.5.1"
  resolved "https://registry.yarnpkg.com/words-to-numbers/-/words-to-numbers-1.5.1.tgz#38e114393742e87620680374cffc06528c1e7e6c"
  integrity sha512-uvz7zSCKmmA7o5f5zp4Z5l24RQhy6HSNu10URhNxQWv1I82RsFaZX3qD07RLFUMJsCV38oAuaca13AvhO+9yGw==
  dependencies:
    babel-runtime "6.x.x"
    clj-fuzzy "^0.3.2"
    its-set "^1.1.5"
